
Microsoft Visual Studio Solution File, Format Version 12.00
# Visual Studio Version 17
VisualStudioVersion = 17.10.34928.147
MinimumVisualStudioVersion = 10.0.40219.1
Project("{8BC9CEB8-8B4A-11D0-8D11-00A0C91BC942}") = "NTDLL_Walker", "NTDLL_Walker.vcxproj", "{145E3F97-3A24-470A-A109-54683D1B6746}"
EndProject
Project("{8BC9CEB8-8B4A-11D0-8D11-00A0C91BC942}") = "fHooks", "..\fHooks\fHooks.vcxproj", "{FA55E846-58BD-49CB-BFBC-7F0868EB3005}"
EndProject
Project("{8BC9CEB8-8B4A-11D0-8D11-00A0C91BC942}") = "fAgent", "..\fAgent\fAgent.vcxproj", "{F14F6FF8-1CE0-4806-BBD3-74E761A81EEA}"
EndProject
Project("{8BC9CEB8-8B4A-11D0-8D11-00A0C91BC942}") = "QuietLdr", "..\QuietLdr\QuietLdr.vcxproj", "{7F61999E-5FB1-4718-87DA-4C0D775AFEEF}"
EndProject
Global
	GlobalSection(SolutionConfigurationPlatforms) = preSolution
		Debug|x64 = Debug|x64
		Debug|x86 = Debug|x86
		Release|x64 = Release|x64
		Release|x86 = Release|x86
	EndGlobalSection
	GlobalSection(ProjectConfigurationPlatforms) = postSolution
		{145E3F97-3A24-470A-A109-54683D1B6746}.Debug|x64.ActiveCfg = Debug|x64
		{145E3F97-3A24-470A-A109-54683D1B6746}.Debug|x64.Build.0 = Debug|x64
		{145E3F97-3A24-470A-A109-54683D1B6746}.Debug|x86.ActiveCfg = Debug|Win32
		{145E3F97-3A24-470A-A109-54683D1B6746}.Debug|x86.Build.0 = Debug|Win32
		{145E3F97-3A24-470A-A109-54683D1B6746}.Release|x64.ActiveCfg = Release|x64
		{145E3F97-3A24-470A-A109-54683D1B6746}.Release|x64.Build.0 = Release|x64
		{145E3F97-3A24-470A-A109-54683D1B6746}.Release|x86.ActiveCfg = Release|Win32
		{145E3F97-3A24-470A-A109-54683D1B6746}.Release|x86.Build.0 = Release|Win32
		{FA55E846-58BD-49CB-BFBC-7F0868EB3005}.Debug|x64.ActiveCfg = Debug|x64
		{FA55E846-58BD-49CB-BFBC-7F0868EB3005}.Debug|x64.Build.0 = Debug|x64
		{FA55E846-58BD-49CB-BFBC-7F0868EB3005}.Debug|x86.ActiveCfg = Debug|Win32
		{FA55E846-58BD-49CB-BFBC-7F0868EB3005}.Debug|x86.Build.0 = Debug|Win32
		{FA55E846-58BD-49CB-BFBC-7F0868EB3005}.Release|x64.ActiveCfg = Release|x64
		{FA55E846-58BD-49CB-BFBC-7F0868EB3005}.Release|x64.Build.0 = Release|x64
		{FA55E846-58BD-49CB-BFBC-7F0868EB3005}.Release|x86.ActiveCfg = Release|Win32
		{FA55E846-58BD-49CB-BFBC-7F0868EB3005}.Release|x86.Build.0 = Release|Win32
		{F14F6FF8-1CE0-4806-BBD3-74E761A81EEA}.Debug|x64.ActiveCfg = Debug|x64
		{F14F6FF8-1CE0-4806-BBD3-74E761A81EEA}.Debug|x64.Build.0 = Debug|x64
		{F14F6FF8-1CE0-4806-BBD3-74E761A81EEA}.Debug|x86.ActiveCfg = Debug|Win32
		{F14F6FF8-1CE0-4806-BBD3-74E761A81EEA}.Debug|x86.Build.0 = Debug|Win32
		{F14F6FF8-1CE0-4806-BBD3-74E761A81EEA}.Release|x64.ActiveCfg = Release|x64
		{F14F6FF8-1CE0-4806-BBD3-74E761A81EEA}.Release|x64.Build.0 = Release|x64
		{F14F6FF8-1CE0-4806-BBD3-74E761A81EEA}.Release|x86.ActiveCfg = Release|Win32
		{F14F6FF8-1CE0-4806-BBD3-74E761A81EEA}.Release|x86.Build.0 = Release|Win32
		{7F61999E-5FB1-4718-87DA-4C0D775AFEEF}.Debug|x64.ActiveCfg = Debug|x64
		{7F61999E-5FB1-4718-87DA-4C0D775AFEEF}.Debug|x64.Build.0 = Debug|x64
		{7F61999E-5FB1-4718-87DA-4C0D775AFEEF}.Debug|x86.ActiveCfg = Debug|Win32
		{7F61999E-5FB1-4718-87DA-4C0D775AFEEF}.Debug|x86.Build.0 = Debug|Win32
		{7F61999E-5FB1-4718-87DA-4C0D775AFEEF}.Release|x64.ActiveCfg = Release|x64
		{7F61999E-5FB1-4718-87DA-4C0D775AFEEF}.Release|x64.Build.0 = Release|x64
		{7F61999E-5FB1-4718-87DA-4C0D775AFEEF}.Release|x86.ActiveCfg = Release|Win32
		{7F61999E-5FB1-4718-87DA-4C0D775AFEEF}.Release|x86.Build.0 = Release|Win32
	EndGlobalSection
	GlobalSection(SolutionProperties) = preSolution
		HideSolutionNode = FALSE
	EndGlobalSection
	GlobalSection(ExtensibilityGlobals) = postSolution
		SolutionGuid = {D333E9E0-3041-4F02-8C98-BE180D1ECDE9}
	EndGlobalSection
EndGlobal
